Microsoft Visual Studio Solution File, Format Version 12.00
# Visual Studio 2012
Project("{FAE04EC0-301F-11D3-BF4B-00C04F79EFBC}") = "GameJamProject", "GameJamProject.csproj", "{531E276B-1BDC-4B3C-A749-51F0D8C8483B}"
EndProject
Global
	GlobalSection(SolutionConfigurationPlatforms) = preSolution
	Debug|Any CPU = Debug|Any CPU
	ExportDebug|Any CPU = ExportDebug|Any CPU
	ExportRelease|Any CPU = ExportRelease|Any CPU
	EndGlobalSection
	GlobalSection(ProjectConfigurationPlatforms) = postSolution
		{531E276B-1BDC-4B3C-A749-51F0D8C8483B}.Debug|Any CPU.ActiveCfg = Debug|Any CPU
		{531E276B-1BDC-4B3C-A749-51F0D8C8483B}.Debug|Any CPU.Build.0 = Debug|Any CPU
		{531E276B-1BDC-4B3C-A749-51F0D8C8483B}.ExportDebug|Any CPU.ActiveCfg = ExportDebug|Any CPU
		{531E276B-1BDC-4B3C-A749-51F0D8C8483B}.ExportDebug|Any CPU.Build.0 = ExportDebug|Any CPU
		{531E276B-1BDC-4B3C-A749-51F0D8C8483B}.ExportRelease|Any CPU.ActiveCfg = ExportRelease|Any CPU
		{531E276B-1BDC-4B3C-A749-51F0D8C8483B}.ExportRelease|Any CPU.Build.0 = ExportRelease|Any CPU
	EndGlobalSection
EndGlobal
